// !$*UTF8*$!
{
	archiveVersion = 1;
	classes = {
	};
	objectVersion = 56;
	objects = {

/* Begin PBXBuildFile section */
		B52C25B32B98870F003E7AFB /* Fonts.swift in Sources */ = {isa = PBXBuildFile; fileRef = B52C25B22B98870F003E7AFB /* Fonts.swift */; };
		B52C25B72B988CF4003E7AFB /* Dimensions.swift in Sources */ = {isa = PBXBuildFile; fileRef = B52C25B62B988CF4003E7AFB /* Dimensions.swift */; };
		B52C26112B9B4CA7003E7AFB /* ButtonStyle.swift in Sources */ = {isa = PBXBuildFile; fileRef = B52C26102B9B4CA7003E7AFB /* ButtonStyle.swift */; };
		B52C26162B9B4F81003E7AFB /* BackgroundView.swift in Sources */ = {isa = PBXBuildFile; fileRef = B52C26152B9B4F81003E7AFB /* BackgroundView.swift */; };
		B52C26182B9B52D7003E7AFB /* CustomButtonModifier.swift in Sources */ = {isa = PBXBuildFile; fileRef = B52C26172B9B52D7003E7AFB /* CustomButtonModifier.swift */; };
		B5362EE12C3A95D10091A7A6 /* CodableBundleExtension.swift in Sources */ = {isa = PBXBuildFile; fileRef = B5362EE02C3A95D10091A7A6 /* CodableBundleExtension.swift */; };
		B5362EE32C3A961B0091A7A6 /* Constants.swift in Sources */ = {isa = PBXBuildFile; fileRef = B5362EE22C3A961B0091A7A6 /* Constants.swift */; };
		B5362EE62C3A96400091A7A6 /* Vocabulary.swift in Sources */ = {isa = PBXBuildFile; fileRef = B5362EE52C3A96400091A7A6 /* Vocabulary.swift */; };
		B5362EEE2C3AD7DA0091A7A6 /* VocaTests.swift in Sources */ = {isa = PBXBuildFile; fileRef = B5362EED2C3AD7DA0091A7A6 /* VocaTests.swift */; };
		B5362EF62C3D346C0091A7A6 /* FavoritesDataViewModel.swift in Sources */ = {isa = PBXBuildFile; fileRef = B5362EF52C3D346C0091A7A6 /* FavoritesDataViewModel.swift */; };
		B5362EF92C3D35450091A7A6 /* FavoritesContainers.xcdatamodeld in Sources */ = {isa = PBXBuildFile; fileRef = B5362EF72C3D35450091A7A6 /* FavoritesContainers.xcdatamodeld */; };
		B5362EFB2C3D416B0091A7A6 /* ActionButtonView.swift in Sources */ = {isa = PBXBuildFile; fileRef = B5362EFA2C3D416B0091A7A6 /* ActionButtonView.swift */; };
		B5362EFD2C3FE6480091A7A6 /* FavoritesView.swift in Sources */ = {isa = PBXBuildFile; fileRef = B5362EFC2C3FE6480091A7A6 /* FavoritesView.swift */; };
		B5362EFF2C3FE6850091A7A6 /* VocabMeaningView.swift in Sources */ = {isa = PBXBuildFile; fileRef = B5362EFE2C3FE6840091A7A6 /* VocabMeaningView.swift */; };
		B5362F022C43A37D0091A7A6 /* NotificationManager.swift in Sources */ = {isa = PBXBuildFile; fileRef = B5362F012C43A37D0091A7A6 /* NotificationManager.swift */; };
		B5362F042C4801EE0091A7A6 /* AudioPlayer.swift in Sources */ = {isa = PBXBuildFile; fileRef = B5362F032C4801EE0091A7A6 /* AudioPlayer.swift */; };
		B5362F0C2C4807AE0091A7A6 /* FirebaseAnalytics in Frameworks */ = {isa = PBXBuildFile; productRef = B5362F0B2C4807AE0091A7A6 /* FirebaseAnalytics */; };
		B5362F0E2C4807AE0091A7A6 /* FirebaseAnalyticsOnDeviceConversion in Frameworks */ = {isa = PBXBuildFile; productRef = B5362F0D2C4807AE0091A7A6 /* FirebaseAnalyticsOnDeviceConversion */; };
		B5362F102C4807AE0091A7A6 /* FirebaseAnalyticsSwift in Frameworks */ = {isa = PBXBuildFile; productRef = B5362F0F2C4807AE0091A7A6 /* FirebaseAnalyticsSwift */; };
		B5362F122C4807AE0091A7A6 /* FirebaseAnalyticsWithoutAdIdSupport in Frameworks */ = {isa = PBXBuildFile; productRef = B5362F112C4807AE0091A7A6 /* FirebaseAnalyticsWithoutAdIdSupport */; };
		B5362F142C4807AE0091A7A6 /* FirebaseAppCheck in Frameworks */ = {isa = PBXBuildFile; productRef = B5362F132C4807AE0091A7A6 /* FirebaseAppCheck */; };
		B5362F172C4808600091A7A6 /* FirebaseStorage in Frameworks */ = {isa = PBXBuildFile; productRef = B5362F162C4808600091A7A6 /* FirebaseStorage */; };
		B5362F192C48ECAB0091A7A6 /* GoogleService-Info.plist in Resources */ = {isa = PBXBuildFile; fileRef = B5362F182C48ECAB0091A7A6 /* GoogleService-Info.plist */; };
		B55B9A992C3417BA00520045 /* DefaultButtonView.swift in Sources */ = {isa = PBXBuildFile; fileRef = B55B9A982C3417BA00520045 /* DefaultButtonView.swift */; };
		B55B9A9B2C34403D00520045 /* VocabView.swift in Sources */ = {isa = PBXBuildFile; fileRef = B55B9A9A2C34403D00520045 /* VocabView.swift */; };
		B55B9A9E2C39002000520045 /* vocabulary.json in Resources */ = {isa = PBXBuildFile; fileRef = B55B9A9D2C39002000520045 /* vocabulary.json */; };
		B5B17C682B9874F90075CBAD /* VocaApp.swift in Sources */ = {isa = PBXBuildFile; fileRef = B5B17C672B9874F90075CBAD /* VocaApp.swift */; };
		B5B17C6A2B9874F90075CBAD /* SignInView.swift in Sources */ = {isa = PBXBuildFile; fileRef = B5B17C692B9874F90075CBAD /* SignInView.swift */; };
		B5B17C6C2B9874FB0075CBAD /* Assets.xcassets in Resources */ = {isa = PBXBuildFile; fileRef = B5B17C6B2B9874FB0075CBAD /* Assets.xcassets */; };
		B5B17C6F2B9874FB0075CBAD /* Preview Assets.xcassets in Resources */ = {isa = PBXBuildFile; fileRef = B5B17C6E2B9874FB0075CBAD /* Preview Assets.xcassets */; };
		B5B17C7A2B987A2D0075CBAD /* Lato-Heavy.ttf in Resources */ = {isa = PBXBuildFile; fileRef = B5B17C752B987A2B0075CBAD /* Lato-Heavy.ttf */; };
		B5B17C7B2B987A2D0075CBAD /* Lato-Bold.ttf in Resources */ = {isa = PBXBuildFile; fileRef = B5B17C762B987A2B0075CBAD /* Lato-Bold.ttf */; };
		B5B17C7C2B987A2D0075CBAD /* Lato-Regular.ttf in Resources */ = {isa = PBXBuildFile; fileRef = B5B17C772B987A2C0075CBAD /* Lato-Regular.ttf */; };
		B5B17C7D2B987A2D0075CBAD /* Lato-Black.ttf in Resources */ = {isa = PBXBuildFile; fileRef = B5B17C782B987A2C0075CBAD /* Lato-Black.ttf */; };
		B5B17C7E2B987A2D0075CBAD /* Lato-Medium.ttf in Resources */ = {isa = PBXBuildFile; fileRef = B5B17C792B987A2D0075CBAD /* Lato-Medium.ttf */; };
/* End PBXBuildFile section */

/* Begin PBXContainerItemProxy section */
		B5362EEF2C3AD7DA0091A7A6 /* PBXContainerItemProxy */ = {
			isa = PBXContainerItemProxy;
			containerPortal = B5B17C5C2B9874F80075CBAD /* Project object */;
			proxyType = 1;
			remoteGlobalIDString = B5B17C632B9874F80075CBAD;
			remoteInfo = Voca;
		};
/* End PBXContainerItemProxy section */

/* Begin PBXFileReference section */
		B52C25B22B98870F003E7AFB /* Fonts.swift */ = {isa = PBXFileReference; lastKnownFileType = sourcecode.swift; path = Fonts.swift; sourceTree = "<group>"; };
		B52C25B62B988CF4003E7AFB /* Dimensions.swift */ = {isa = PBXFileReference; lastKnownFileType = sourcecode.swift; path = Dimensions.swift; sourceTree = "<group>"; };
		B52C26102B9B4CA7003E7AFB /* ButtonStyle.swift */ = {isa = PBXFileReference; lastKnownFileType = sourcecode.swift; name = ButtonStyle.swift; path = Voca/Constants/ButtonStyle.swift; sourceTree = SOURCE_ROOT; };
		B52C26152B9B4F81003E7AFB /* BackgroundView.swift */ = {isa = PBXFileReference; lastKnownFileType = sourcecode.swift; path = BackgroundView.swift; sourceTree = "<group>"; };
		B52C26172B9B52D7003E7AFB /* CustomButtonModifier.swift */ = {isa = PBXFileReference; lastKnownFileType = sourcecode.swift; path = CustomButtonModifier.swift; sourceTree = "<group>"; };
		B5362EE02C3A95D10091A7A6 /* CodableBundleExtension.swift */ = {isa = PBXFileReference; lastKnownFileType = sourcecode.swift; path = CodableBundleExtension.swift; sourceTree = "<group>"; };
		B5362EE22C3A961B0091A7A6 /* Constants.swift */ = {isa = PBXFileReference; lastKnownFileType = sourcecode.swift; path = Constants.swift; sourceTree = "<group>"; };
		B5362EE52C3A96400091A7A6 /* Vocabulary.swift */ = {isa = PBXFileReference; lastKnownFileType = sourcecode.swift; path = Vocabulary.swift; sourceTree = "<group>"; };
		B5362EEB2C3AD7DA0091A7A6 /* VocaTests.xctest */ = {isa = PBXFileReference; explicitFileType = wrapper.cfbundle; includeInIndex = 0; path = VocaTests.xctest; sourceTree = BUILT_PRODUCTS_DIR; };
		B5362EED2C3AD7DA0091A7A6 /* VocaTests.swift */ = {isa = PBXFileReference; lastKnownFileType = sourcecode.swift; path = VocaTests.swift; sourceTree = "<group>"; };
		B5362EF52C3D346C0091A7A6 /* FavoritesDataViewModel.swift */ = {isa = PBXFileReference; lastKnownFileType = sourcecode.swift; path = FavoritesDataViewModel.swift; sourceTree = "<group>"; };
		B5362EF82C3D35450091A7A6 /* FavoritesContainers.xcdatamodel */ = {isa = PBXFileReference; lastKnownFileType = wrapper.xcdatamodel; path = FavoritesContainers.xcdatamodel; sourceTree = "<group>"; };
		B5362EFA2C3D416B0091A7A6 /* ActionButtonView.swift */ = {isa = PBXFileReference; lastKnownFileType = sourcecode.swift; path = ActionButtonView.swift; sourceTree = "<group>"; };
		B5362EFC2C3FE6480091A7A6 /* FavoritesView.swift */ = {isa = PBXFileReference; lastKnownFileType = sourcecode.swift; path = FavoritesView.swift; sourceTree = "<group>"; };
		B5362EFE2C3FE6840091A7A6 /* VocabMeaningView.swift */ = {isa = PBXFileReference; lastKnownFileType = sourcecode.swift; path = VocabMeaningView.swift; sourceTree = "<group>"; };
		B5362F012C43A37D0091A7A6 /* NotificationManager.swift */ = {isa = PBXFileReference; lastKnownFileType = sourcecode.swift; path = NotificationManager.swift; sourceTree = "<group>"; };
		B5362F032C4801EE0091A7A6 /* AudioPlayer.swift */ = {isa = PBXFileReference; lastKnownFileType = sourcecode.swift; path = AudioPlayer.swift; sourceTree = "<group>"; };
		B5362F182C48ECAB0091A7A6 /* GoogleService-Info.plist */ = {isa = PBXFileReference; fileEncoding = 4; lastKnownFileType = text.plist.xml; path = "GoogleService-Info.plist"; sourceTree = "<group>"; };
		B55B9A982C3417BA00520045 /* DefaultButtonView.swift */ = {isa = PBXFileReference; lastKnownFileType = sourcecode.swift; name = DefaultButtonView.swift; path = ../../../DefaultButtonView.swift; sourceTree = "<group>"; };
		B55B9A9A2C34403D00520045 /* VocabView.swift */ = {isa = PBXFileReference; lastKnownFileType = sourcecode.swift; name = VocabView.swift; path = ../../../VocabView.swift; sourceTree = "<group>"; };
		B55B9A9D2C39002000520045 /* vocabulary.json */ = {isa = PBXFileReference; fileEncoding = 4; lastKnownFileType = text.json; path = vocabulary.json; sourceTree = "<group>"; };
		B5B17C642B9874F90075CBAD /* Voca.app */ = {isa = PBXFileReference; explicitFileType = wrapper.application; includeInIndex = 0; path = Voca.app; sourceTree = BUILT_PRODUCTS_DIR; };
		B5B17C672B9874F90075CBAD /* VocaApp.swift */ = {isa = PBXFileReference; lastKnownFileType = sourcecode.swift; path = VocaApp.swift; sourceTree = "<group>"; };
		B5B17C692B9874F90075CBAD /* SignInView.swift */ = {isa = PBXFileReference; lastKnownFileType = sourcecode.swift; path = SignInView.swift; sourceTree = "<group>"; };
		B5B17C6B2B9874FB0075CBAD /* Assets.xcassets */ = {isa = PBXFileReference; lastKnownFileType = folder.assetcatalog; path = Assets.xcassets; sourceTree = "<group>"; };
		B5B17C6E2B9874FB0075CBAD /* Preview Assets.xcassets */ = {isa = PBXFileReference; lastKnownFileType = folder.assetcatalog; path = "Preview Assets.xcassets"; sourceTree = "<group>"; };
		B5B17C752B987A2B0075CBAD /* Lato-Heavy.ttf */ = {isa = PBXFileReference; lastKnownFileType = file; path = "Lato-Heavy.ttf"; sourceTree = "<group>"; };
		B5B17C762B987A2B0075CBAD /* Lato-Bold.ttf */ = {isa = PBXFileReference; lastKnownFileType = file; path = "Lato-Bold.ttf"; sourceTree = "<group>"; };
		B5B17C772B987A2C0075CBAD /* Lato-Regular.ttf */ = {isa = PBXFileReference; lastKnownFileType = file; path = "Lato-Regular.ttf"; sourceTree = "<group>"; };
		B5B17C782B987A2C0075CBAD /* Lato-Black.ttf */ = {isa = PBXFileReference; lastKnownFileType = file; path = "Lato-Black.ttf"; sourceTree = "<group>"; };
		B5B17C792B987A2D0075CBAD /* Lato-Medium.ttf */ = {isa = PBXFileReference; lastKnownFileType = file; path = "Lato-Medium.ttf"; sourceTree = "<group>"; };
		B5B17C7F2B987A760075CBAD /* Info.plist */ = {isa = PBXFileReference; lastKnownFileType = text.plist; path = Info.plist; sourceTree = "<group>"; };
/* End PBXFileReference section */

/* Begin PBXFrameworksBuildPhase section */
		B5362EE82C3AD7DA0091A7A6 /* Frameworks */ = {
			isa = PBXFrameworksBuildPhase;
			buildActionMask = 2147483647;
			files = (
			);
			runOnlyForDeploymentPostprocessing = 0;
		};
		B5B17C612B9874F80075CBAD /* Frameworks */ = {
			isa = PBXFrameworksBuildPhase;
			buildActionMask = 2147483647;
			files = (
				B5362F102C4807AE0091A7A6 /* FirebaseAnalyticsSwift in Frameworks */,
				B5362F0C2C4807AE0091A7A6 /* FirebaseAnalytics in Frameworks */,
				B5362F0E2C4807AE0091A7A6 /* FirebaseAnalyticsOnDeviceConversion in Frameworks */,
				B5362F142C4807AE0091A7A6 /* FirebaseAppCheck in Frameworks */,
				B5362F122C4807AE0091A7A6 /* FirebaseAnalyticsWithoutAdIdSupport in Frameworks */,
				B5362F172C4808600091A7A6 /* FirebaseStorage in Frameworks */,
			);
			runOnlyForDeploymentPostprocessing = 0;
		};
/* End PBXFrameworksBuildPhase section */

/* Begin PBXGroup section */
		B52C25B02B988380003E7AFB /* Fonts */ = {
			isa = PBXGroup;
			children = (
				B5B17C762B987A2B0075CBAD /* Lato-Bold.ttf */,
				B5B17C782B987A2C0075CBAD /* Lato-Black.ttf */,
				B5B17C752B987A2B0075CBAD /* Lato-Heavy.ttf */,
				B5B17C792B987A2D0075CBAD /* Lato-Medium.ttf */,
				B5B17C772B987A2C0075CBAD /* Lato-Regular.ttf */,
			);
			path = Fonts;
			sourceTree = "<group>";
		};
		B52C25B12B9883D4003E7AFB /* Constants */ = {
			isa = PBXGroup;
			children = (
				B52C25B22B98870F003E7AFB /* Fonts.swift */,
				B52C25B62B988CF4003E7AFB /* Dimensions.swift */,
				B5362EE02C3A95D10091A7A6 /* CodableBundleExtension.swift */,
				B5362EE22C3A961B0091A7A6 /* Constants.swift */,
			);
			path = Constants;
			sourceTree = "<group>";
		};
		B52C260F2B9B4C9C003E7AFB /* Styles */ = {
			isa = PBXGroup;
			children = (
				B52C26102B9B4CA7003E7AFB /* ButtonStyle.swift */,
			);
			path = Styles;
			sourceTree = "<group>";
		};
		B52C26122B9B4EE6003E7AFB /* Views */ = {
			isa = PBXGroup;
			children = (
				B52C26192B9B53F2003E7AFB /* SubViews */,
				B5B17C692B9874F90075CBAD /* SignInView.swift */,
				B55B9A9A2C34403D00520045 /* VocabView.swift */,
				B5362EFC2C3FE6480091A7A6 /* FavoritesView.swift */,
				B5362EFE2C3FE6840091A7A6 /* VocabMeaningView.swift */,
			);
			path = Views;
			sourceTree = "<group>";
		};
		B52C26192B9B53F2003E7AFB /* SubViews */ = {
			isa = PBXGroup;
			children = (
			);
			path = SubViews;
			sourceTree = "<group>";
		};
		B5362EDF2C3A95550091A7A6 /* Utilities */ = {
			isa = PBXGroup;
			children = (
				B52C25B12B9883D4003E7AFB /* Constants */,
			);
			name = Utilities;
			sourceTree = "<group>";
		};
		B5362EE42C3A96360091A7A6 /* Model */ = {
			isa = PBXGroup;
			children = (
				B5362EE52C3A96400091A7A6 /* Vocabulary.swift */,
			);
			path = Model;
			sourceTree = "<group>";
		};
		B5362EEC2C3AD7DA0091A7A6 /* VocaTests */ = {
			isa = PBXGroup;
			children = (
				B5362EED2C3AD7DA0091A7A6 /* VocaTests.swift */,
			);
			path = VocaTests;
			sourceTree = "<group>";
		};
		B5362EF42C3D34570091A7A6 /* CoreData */ = {
			isa = PBXGroup;
			children = (
				B5362EF52C3D346C0091A7A6 /* FavoritesDataViewModel.swift */,
				B5362EF72C3D35450091A7A6 /* FavoritesContainers.xcdatamodeld */,
			);
			path = CoreData;
			sourceTree = "<group>";
		};
		B5362F002C43A36D0091A7A6 /* Managers */ = {
			isa = PBXGroup;
			children = (
				B5362F012C43A37D0091A7A6 /* NotificationManager.swift */,
				B5362F032C4801EE0091A7A6 /* AudioPlayer.swift */,
			);
			path = Managers;
			sourceTree = "<group>";
		};
		B5362F152C4808600091A7A6 /* Frameworks */ = {
			isa = PBXGroup;
			children = (
			);
			name = Frameworks;
			sourceTree = "<group>";
		};
		B55B9A962C34120B00520045 /* Components */ = {
			isa = PBXGroup;
			children = (
				B52C26152B9B4F81003E7AFB /* BackgroundView.swift */,
				B55B9A982C3417BA00520045 /* DefaultButtonView.swift */,
				B5362EFA2C3D416B0091A7A6 /* ActionButtonView.swift */,
			);
			path = Components;
			sourceTree = "<group>";
		};
		B55B9A972C34122100520045 /* Modifiers */ = {
			isa = PBXGroup;
			children = (
				B52C26172B9B52D7003E7AFB /* CustomButtonModifier.swift */,
			);
			path = Modifiers;
			sourceTree = "<group>";
		};
		B55B9A9C2C39001800520045 /* Datas */ = {
			isa = PBXGroup;
			children = (
				B55B9A9D2C39002000520045 /* vocabulary.json */,
			);
			path = Datas;
			sourceTree = "<group>";
		};
		B5B17C5B2B9874F80075CBAD = {
			isa = PBXGroup;
			children = (
				B5B17C662B9874F90075CBAD /* Voca */,
				B5362EEC2C3AD7DA0091A7A6 /* VocaTests */,
				B5B17C652B9874F90075CBAD /* Products */,
				B5362F152C4808600091A7A6 /* Frameworks */,
			);
			sourceTree = "<group>";
		};
		B5B17C652B9874F90075CBAD /* Products */ = {
			isa = PBXGroup;
			children = (
				B5B17C642B9874F90075CBAD /* Voca.app */,
				B5362EEB2C3AD7DA0091A7A6 /* VocaTests.xctest */,
			);
			name = Products;
			sourceTree = "<group>";
		};
		B5B17C662B9874F90075CBAD /* Voca */ = {
			isa = PBXGroup;
			children = (
				B5362F182C48ECAB0091A7A6 /* GoogleService-Info.plist */,
				B5362F002C43A36D0091A7A6 /* Managers */,
				B5362EF42C3D34570091A7A6 /* CoreData */,
				B5362EE42C3A96360091A7A6 /* Model */,
				B5362EDF2C3A95550091A7A6 /* Utilities */,
				B55B9A9C2C39001800520045 /* Datas */,
				B55B9A972C34122100520045 /* Modifiers */,
				B55B9A962C34120B00520045 /* Components */,
				B52C260F2B9B4C9C003E7AFB /* Styles */,
				B5B17C7F2B987A760075CBAD /* Info.plist */,
				B52C25B02B988380003E7AFB /* Fonts */,
				B5B17C672B9874F90075CBAD /* VocaApp.swift */,
				B52C26122B9B4EE6003E7AFB /* Views */,
				B5B17C6B2B9874FB0075CBAD /* Assets.xcassets */,
				B5B17C6D2B9874FB0075CBAD /* Preview Content */,
			);
			path = Voca;
			sourceTree = "<group>";
		};
		B5B17C6D2B9874FB0075CBAD /* Preview Content */ = {
			isa = PBXGroup;
			children = (
				B5B17C6E2B9874FB0075CBAD /* Preview Assets.xcassets */,
			);
			path = "Preview Content";
			sourceTree = "<group>";
		};
/* End PBXGroup section */

/* Begin PBXNativeTarget section */
		B5362EEA2C3AD7DA0091A7A6 /* VocaTests */ = {
			isa = PBXNativeTarget;
			buildConfigurationList = B5362EF12C3AD7DA0091A7A6 /* Build configuration list for PBXNativeTarget "VocaTests" */;
			buildPhases = (
				B5362EE72C3AD7DA0091A7A6 /* Sources */,
				B5362EE82C3AD7DA0091A7A6 /* Frameworks */,
				B5362EE92C3AD7DA0091A7A6 /* Resources */,
			);
			buildRules = (
			);
			dependencies = (
				B5362EF02C3AD7DA0091A7A6 /* PBXTargetDependency */,
			);
			name = VocaTests;
			productName = VocaTests;
			productReference = B5362EEB2C3AD7DA0091A7A6 /* VocaTests.xctest */;
			productType = "com.apple.product-type.bundle.unit-test";
		};
		B5B17C632B9874F80075CBAD /* Voca */ = {
			isa = PBXNativeTarget;
			buildConfigurationList = B5B17C722B9874FB0075CBAD /* Build configuration list for PBXNativeTarget "Voca" */;
			buildPhases = (
				B5B17C602B9874F80075CBAD /* Sources */,
				B5B17C612B9874F80075CBAD /* Frameworks */,
				B5B17C622B9874F80075CBAD /* Resources */,
			);
			buildRules = (
			);
			dependencies = (
			);
			name = Voca;
			packageProductDependencies = (
				B5362F0B2C4807AE0091A7A6 /* FirebaseAnalytics */,
				B5362F0D2C4807AE0091A7A6 /* FirebaseAnalyticsOnDeviceConversion */,
				B5362F0F2C4807AE0091A7A6 /* FirebaseAnalyticsSwift */,
				B5362F112C4807AE0091A7A6 /* FirebaseAnalyticsWithoutAdIdSupport */,
				B5362F132C4807AE0091A7A6 /* FirebaseAppCheck */,
				B5362F162C4808600091A7A6 /* FirebaseStorage */,
			);
			productName = Voca;
			productReference = B5B17C642B9874F90075CBAD /* Voca.app */;
			productType = "com.apple.product-type.application";
		};
/* End PBXNativeTarget section */

/* Begin PBXProject section */
		B5B17C5C2B9874F80075CBAD /* Project object */ = {
			isa = PBXProject;
			attributes = {
				BuildIndependentTargetsInParallel = 1;
				LastSwiftUpdateCheck = 1540;
				LastUpgradeCheck = 1520;
				TargetAttributes = {
					B5362EEA2C3AD7DA0091A7A6 = {
						CreatedOnToolsVersion = 15.4;
						TestTargetID = B5B17C632B9874F80075CBAD;
					};
					B5B17C632B9874F80075CBAD = {
						CreatedOnToolsVersion = 15.2;
					};
				};
			};
			buildConfigurationList = B5B17C5F2B9874F80075CBAD /* Build configuration list for PBXProject "Voca" */;
			compatibilityVersion = "Xcode 14.0";
			developmentRegion = en;
			hasScannedForEncodings = 0;
			knownRegions = (
				en,
				Base,
			);
			mainGroup = B5B17C5B2B9874F80075CBAD;
			packageReferences = (
				B5362F0A2C4807AE0091A7A6 /* XCRemoteSwiftPackageReference "firebase-ios-sdk" */,
			);
			productRefGroup = B5B17C652B9874F90075CBAD /* Products */;
			projectDirPath = "";
			projectRoot = "";
			targets = (
				B5B17C632B9874F80075CBAD /* Voca */,
				B5362EEA2C3AD7DA0091A7A6 /* VocaTests */,
			);
		};
/* End PBXProject section */

/* Begin PBXResourcesBuildPhase section */
		B5362EE92C3AD7DA0091A7A6 /* Resources */ = {
			isa = PBXResourcesBuildPhase;
			buildActionMask = 2147483647;
			files = (
			);
			runOnlyForDeploymentPostprocessing = 0;
		};
		B5B17C622B9874F80075CBAD /* Resources */ = {
			isa = PBXResourcesBuildPhase;
			buildActionMask = 2147483647;
			files = (
				B5B17C7A2B987A2D0075CBAD /* Lato-Heavy.ttf in Resources */,
				B5B17C6F2B9874FB0075CBAD /* Preview Assets.xcassets in Resources */,
				B5362F192C48ECAB0091A7A6 /* GoogleService-Info.plist in Resources */,
				B5B17C7C2B987A2D0075CBAD /* Lato-Regular.ttf in Resources */,
				B5B17C6C2B9874FB0075CBAD /* Assets.xcassets in Resources */,
				B5B17C7D2B987A2D0075CBAD /* Lato-Black.ttf in Resources */,
				B5B17C7E2B987A2D0075CBAD /* Lato-Medium.ttf in Resources */,
				B5B17C7B2B987A2D0075CBAD /* Lato-Bold.ttf in Resources */,
				B55B9A9E2C39002000520045 /* vocabulary.json in Resources */,
			);
			runOnlyForDeploymentPostprocessing = 0;
		};
/* End PBXResourcesBuildPhase section */

/* Begin PBXSourcesBuildPhase section */
		B5362EE72C3AD7DA0091A7A6 /* Sources */ = {
			isa = PBXSourcesBuildPhase;
			buildActionMask = 2147483647;
			files = (
				B5362EEE2C3AD7DA0091A7A6 /* VocaTests.swift in Sources */,
			);
			runOnlyForDeploymentPostprocessing = 0;
		};
		B5B17C602B9874F80075CBAD /* Sources */ = {
			isa = PBXSourcesBuildPhase;
			buildActionMask = 2147483647;
			files = (
				B5B17C6A2B9874F90075CBAD /* SignInView.swift in Sources */,
				B5362EE32C3A961B0091A7A6 /* Constants.swift in Sources */,
				B52C25B72B988CF4003E7AFB /* Dimensions.swift in Sources */,
				B5362EFB2C3D416B0091A7A6 /* ActionButtonView.swift in Sources */,
				B55B9A992C3417BA00520045 /* DefaultButtonView.swift in Sources */,
				B5362EE12C3A95D10091A7A6 /* CodableBundleExtension.swift in Sources */,
				B52C26162B9B4F81003E7AFB /* BackgroundView.swift in Sources */,
				B5362EF62C3D346C0091A7A6 /* FavoritesDataViewModel.swift in Sources */,
				B5362EFF2C3FE6850091A7A6 /* VocabMeaningView.swift in Sources */,
				B52C25B32B98870F003E7AFB /* Fonts.swift in Sources */,
				B5362EF92C3D35450091A7A6 /* FavoritesContainers.xcdatamodeld in Sources */,
				B52C26182B9B52D7003E7AFB /* CustomButtonModifier.swift in Sources */,
				B5362F042C4801EE0091A7A6 /* AudioPlayer.swift in Sources */,
				B5362F022C43A37D0091A7A6 /* NotificationManager.swift in Sources */,
				B5B17C682B9874F90075CBAD /* VocaApp.swift in Sources */,
				B5362EFD2C3FE6480091A7A6 /* FavoritesView.swift in Sources */,
				B55B9A9B2C34403D00520045 /* VocabView.swift in Sources */,
				B52C26112B9B4CA7003E7AFB /* ButtonStyle.swift in Sources */,
				B5362EE62C3A96400091A7A6 /* Vocabulary.swift in Sources */,
			);
			runOnlyForDeploymentPostprocessing = 0;
		};
/* End PBXSourcesBuildPhase section */

/* Begin PBXTargetDependency section */
		B5362EF02C3AD7DA0091A7A6 /* PBXTargetDependency */ = {
			isa = PBXTargetDependency;
			target = B5B17C632B9874F80075CBAD /* Voca */;
			targetProxy = B5362EEF2C3AD7DA0091A7A6 /* PBXContainerItemProxy */;
		};
/* End PBXTargetDependency section */

/* Begin XCBuildConfiguration section */
		B5362EF22C3AD7DA0091A7A6 /* Debug */ = {
			isa = XCBuildConfiguration;
			buildSettings = {
				BUNDLE_LOADER = "$(TEST_HOST)";
				CODE_SIGN_STYLE = Automatic;
				CURRENT_PROJECT_VERSION = 1;
				DEVELOPMENT_TEAM = 2RBYXPYV8Y;
				GENERATE_INFOPLIST_FILE = YES;
				IPHONEOS_DEPLOYMENT_TARGET = 17.5;
				MARKETING_VERSION = 1.0;
				PRODUCT_BUNDLE_IDENTIFIER = com.thekodex.VocaTests;
				PRODUCT_NAME = "$(TARGET_NAME)";
				SWIFT_EMIT_LOC_STRINGS = NO;
				SWIFT_VERSION = 5.0;
				TARGETED_DEVICE_FAMILY = "1,2";
				TEST_HOST = "$(BUILT_PRODUCTS_DIR)/Voca.app/$(BUNDLE_EXECUTABLE_FOLDER_PATH)/Voca";
			};
			name = Debug;
		};
		B5362EF32C3AD7DA0091A7A6 /* Release */ = {
			isa = XCBuildConfiguration;
			buildSettings = {
				BUNDLE_LOADER = "$(TEST_HOST)";
				CODE_SIGN_STYLE = Automatic;
				CURRENT_PROJECT_VERSION = 1;
				DEVELOPMENT_TEAM = 2RBYXPYV8Y;
				GENERATE_INFOPLIST_FILE = YES;
				IPHONEOS_DEPLOYMENT_TARGET = 17.5;
				MARKETING_VERSION = 1.0;
				PRODUCT_BUNDLE_IDENTIFIER = com.thekodex.VocaTests;
				PRODUCT_NAME = "$(TARGET_NAME)";
				SWIFT_EMIT_LOC_STRINGS = NO;
				SWIFT_VERSION = 5.0;
				TARGETED_DEVICE_FAMILY = "1,2";
				TEST_HOST = "$(BUILT_PRODUCTS_DIR)/Voca.app/$(BUNDLE_EXECUTABLE_FOLDER_PATH)/Voca";
			};
			name = Release;
		};
		B5B17C702B9874FB0075CBAD /* Debug */ = {
			isa = XCBuildConfiguration;
			buildSettings = {
				ALWAYS_SEARCH_USER_PATHS = NO;
				ASSETCATALOG_COMPILER_GENERATE_SWIFT_ASSET_SYMBOL_EXTENSIONS = YES;
				CLANG_ANALYZER_NONNULL = YES;
				CLANG_ANALYZER_NUMBER_OBJECT_CONVERSION = YES_AGGRESSIVE;
				CLANG_CXX_LANGUAGE_STANDARD = "gnu++20";
				CLANG_ENABLE_MODULES = YES;
				CLANG_ENABLE_OBJC_ARC = YES;
				CLANG_ENABLE_OBJC_WEAK = YES;
				CLANG_WARN_BLOCK_CAPTURE_AUTORELEASING = YES;
				CLANG_WARN_BOOL_CONVERSION = YES;
				CLANG_WARN_COMMA = YES;
				CLANG_WARN_CONSTANT_CONVERSION = YES;
				CLANG_WARN_DEPRECATED_OBJC_IMPLEMENTATIONS = YES;
				CLANG_WARN_DIRECT_OBJC_ISA_USAGE = YES_ERROR;
				CLANG_WARN_DOCUMENTATION_COMMENTS = YES;
				CLANG_WARN_EMPTY_BODY = YES;
				CLANG_WARN_ENUM_CONVERSION = YES;
				CLANG_WARN_INFINITE_RECURSION = YES;
				CLANG_WARN_INT_CONVERSION = YES;
				CLANG_WARN_NON_LITERAL_NULL_CONVERSION = YES;
				CLANG_WARN_OBJC_IMPLICIT_RETAIN_SELF = YES;
				CLANG_WARN_OBJC_LITERAL_CONVERSION = YES;
				CLANG_WARN_OBJC_ROOT_CLASS = YES_ERROR;
				CLANG_WARN_QUOTED_INCLUDE_IN_FRAMEWORK_HEADER = YES;
				CLANG_WARN_RANGE_LOOP_ANALYSIS = YES;
				CLANG_WARN_STRICT_PROTOTYPES = YES;
				CLANG_WARN_SUSPICIOUS_MOVE = YES;
				CLANG_WARN_UNGUARDED_AVAILABILITY = YES_AGGRESSIVE;
				CLANG_WARN_UNREACHABLE_CODE = YES;
				CLANG_WARN__DUPLICATE_METHOD_MATCH = YES;
				COPY_PHASE_STRIP = NO;
				DEBUG_INFORMATION_FORMAT = dwarf;
				ENABLE_STRICT_OBJC_MSGSEND = YES;
				ENABLE_TESTABILITY = YES;
				ENABLE_USER_SCRIPT_SANDBOXING = YES;
				GCC_C_LANGUAGE_STANDARD = gnu17;
				GCC_DYNAMIC_NO_PIC = NO;
				GCC_NO_COMMON_BLOCKS = YES;
				GCC_OPTIMIZATION_LEVEL = 0;
				GCC_PREPROCESSOR_DEFINITIONS = (
					"DEBUG=1",
					"$(inherited)",
				);
				GCC_WARN_64_TO_32_BIT_CONVERSION = YES;
				GCC_WARN_ABOUT_RETURN_TYPE = YES_ERROR;
				GCC_WARN_UNDECLARED_SELECTOR = YES;
				GCC_WARN_UNINITIALIZED_AUTOS = YES_AGGRESSIVE;
				GCC_WARN_UNUSED_FUNCTION = YES;
				GCC_WARN_UNUSED_VARIABLE = YES;
				IPHONEOS_DEPLOYMENT_TARGET = 17.2;
				LOCALIZATION_PREFERS_STRING_CATALOGS = YES;
				MTL_ENABLE_DEBUG_INFO = INCLUDE_SOURCE;
				MTL_FAST_MATH = YES;
				ONLY_ACTIVE_ARCH = YES;
				SDKROOT = iphoneos;
				SWIFT_ACTIVE_COMPILATION_CONDITIONS = "DEBUG $(inherited)";
				SWIFT_OPTIMIZATION_LEVEL = "-Onone";
			};
			name = Debug;
		};
		B5B17C712B9874FB0075CBAD /* Release */ = {
			isa = XCBuildConfiguration;
			buildSettings = {
				ALWAYS_SEARCH_USER_PATHS = NO;
				ASSETCATALOG_COMPILER_GENERATE_SWIFT_ASSET_SYMBOL_EXTENSIONS = YES;
				CLANG_ANALYZER_NONNULL = YES;
				CLANG_ANALYZER_NUMBER_OBJECT_CONVERSION = YES_AGGRESSIVE;
				CLANG_CXX_LANGUAGE_STANDARD = "gnu++20";
				CLANG_ENABLE_MODULES = YES;
				CLANG_ENABLE_OBJC_ARC = YES;
				CLANG_ENABLE_OBJC_WEAK = YES;
				CLANG_WARN_BLOCK_CAPTURE_AUTORELEASING = YES;
				CLANG_WARN_BOOL_CONVERSION = YES;
				CLANG_WARN_COMMA = YES;
				CLANG_WARN_CONSTANT_CONVERSION = YES;
				CLANG_WARN_DEPRECATED_OBJC_IMPLEMENTATIONS = YES;
				CLANG_WARN_DIRECT_OBJC_ISA_USAGE = YES_ERROR;
				CLANG_WARN_DOCUMENTATION_COMMENTS = YES;
				CLANG_WARN_EMPTY_BODY = YES;
				CLANG_WARN_ENUM_CONVERSION = YES;
				CLANG_WARN_INFINITE_RECURSION = YES;
				CLANG_WARN_INT_CONVERSION = YES;
				CLANG_WARN_NON_LITERAL_NULL_CONVERSION = YES;
				CLANG_WARN_OBJC_IMPLICIT_RETAIN_SELF = YES;
				CLANG_WARN_OBJC_LITERAL_CONVERSION = YES;
				CLANG_WARN_OBJC_ROOT_CLASS = YES_ERROR;
				CLANG_WARN_QUOTED_INCLUDE_IN_FRAMEWORK_HEADER = YES;
				CLANG_WARN_RANGE_LOOP_ANALYSIS = YES;
				CLANG_WARN_STRICT_PROTOTYPES = YES;
				CLANG_WARN_SUSPICIOUS_MOVE = YES;
				CLANG_WARN_UNGUARDED_AVAILABILITY = YES_AGGRESSIVE;
				CLANG_WARN_UNREACHABLE_CODE = YES;
				CLANG_WARN__DUPLICATE_METHOD_MATCH = YES;
				COPY_PHASE_STRIP = NO;
				DEBUG_INFORMATION_FORMAT = "dwarf-with-dsym";
				ENABLE_NS_ASSERTIONS = NO;
				ENABLE_STRICT_OBJC_MSGSEND = YES;
				ENABLE_USER_SCRIPT_SANDBOXING = YES;
				GCC_C_LANGUAGE_STANDARD = gnu17;
				GCC_NO_COMMON_BLOCKS = YES;
				GCC_WARN_64_TO_32_BIT_CONVERSION = YES;
				GCC_WARN_ABOUT_RETURN_TYPE = YES_ERROR;
				GCC_WARN_UNDECLARED_SELECTOR = YES;
				GCC_WARN_UNINITIALIZED_AUTOS = YES_AGGRESSIVE;
				GCC_WARN_UNUSED_FUNCTION = YES;
				GCC_WARN_UNUSED_VARIABLE = YES;
				IPHONEOS_DEPLOYMENT_TARGET = 17.2;
				LOCALIZATION_PREFERS_STRING_CATALOGS = YES;
				MTL_ENABLE_DEBUG_INFO = NO;
				MTL_FAST_MATH = YES;
				SDKROOT = iphoneos;
				SWIFT_COMPILATION_MODE = wholemodule;
				VALIDATE_PRODUCT = YES;
			};
			name = Release;
		};
		B5B17C732B9874FB0075CBAD /* Debug */ = {
			isa = XCBuildConfiguration;
			buildSettings = {
				ASSETCATALOG_COMPILER_APPICON_NAME = AppIcon;
				ASSETCATALOG_COMPILER_GLOBAL_ACCENT_COLOR_NAME = AccentColor;
				CODE_SIGN_STYLE = Automatic;
				CURRENT_PROJECT_VERSION = 1;
				DEVELOPMENT_ASSET_PATHS = "\"Voca/Preview Content\"";
				DEVELOPMENT_TEAM = 2RBYXPYV8Y;
				ENABLE_PREVIEWS = YES;
				GENERATE_INFOPLIST_FILE = YES;
				INFOPLIST_FILE = Voca/Info.plist;
				INFOPLIST_KEY_UIApplicationSceneManifest_Generation = YES;
				INFOPLIST_KEY_UIApplicationSupportsIndirectInputEvents = YES;
				INFOPLIST_KEY_UILaunchScreen_Generation = YES;
				INFOPLIST_KEY_UISupportedInterfaceOrientations_iPad = "UIInterfaceOrientationPortrait UIInterfaceOrientationPortraitUpsideDown UIInterfaceOrientationLandscapeLeft UIInterfaceOrientationLandscapeRight";
				INFOPLIST_KEY_UISupportedInterfaceOrientations_iPhone = "UIInterfaceOrientationPortrait UIInterfaceOrientationLandscapeLeft UIInterfaceOrientationLandscapeRight";
				LD_RUNPATH_SEARCH_PATHS = (
					"$(inherited)",
					"@executable_path/Frameworks",
				);
				MARKETING_VERSION = 1.0;
				PRODUCT_BUNDLE_IDENTIFIER = com.thekodex.Voca;
				PRODUCT_NAME = "$(TARGET_NAME)";
				SWIFT_EMIT_LOC_STRINGS = YES;
				SWIFT_VERSION = 5.0;
				TARGETED_DEVICE_FAMILY = "1,2";
			};
			name = Debug;
		};
		B5B17C742B9874FB0075CBAD /* Release */ = {
			isa = XCBuildConfiguration;
			buildSettings = {
				ASSETCATALOG_COMPILER_APPICON_NAME = AppIcon;
				ASSETCATALOG_COMPILER_GLOBAL_ACCENT_COLOR_NAME = AccentColor;
				CODE_SIGN_STYLE = Automatic;
				CURRENT_PROJECT_VERSION = 1;
				DEVELOPMENT_ASSET_PATHS = "\"Voca/Preview Content\"";
				DEVELOPMENT_TEAM = 2RBYXPYV8Y;
				ENABLE_PREVIEWS = YES;
				GENERATE_INFOPLIST_FILE = YES;
				INFOPLIST_FILE = Voca/Info.plist;
				INFOPLIST_KEY_UIApplicationSceneManifest_Generation = YES;
				INFOPLIST_KEY_UIApplicationSupportsIndirectInputEvents = YES;
				INFOPLIST_KEY_UILaunchScreen_Generation = YES;
				INFOPLIST_KEY_UISupportedInterfaceOrientations_iPad = "UIInterfaceOrientationPortrait UIInterfaceOrientationPortraitUpsideDown UIInterfaceOrientationLandscapeLeft UIInterfaceOrientationLandscapeRight";
				INFOPLIST_KEY_UISupportedInterfaceOrientations_iPhone = "UIInterfaceOrientationPortrait UIInterfaceOrientationLandscapeLeft UIInterfaceOrientationLandscapeRight";
				LD_RUNPATH_SEARCH_PATHS = (
					"$(inherited)",
					"@executable_path/Frameworks",
				);
				MARKETING_VERSION = 1.0;
				PRODUCT_BUNDLE_IDENTIFIER = com.thekodex.Voca;
				PRODUCT_NAME = "$(TARGET_NAME)";
				SWIFT_EMIT_LOC_STRINGS = YES;
				SWIFT_VERSION = 5.0;
				TARGETED_DEVICE_FAMILY = "1,2";
			};
			name = Release;
		};
/* End XCBuildConfiguration section */

/* Begin XCConfigurationList section */
		B5362EF12C3AD7DA0091A7A6 /* Build configuration list for PBXNativeTarget "VocaTests" */ = {
			isa = XCConfigurationList;
			buildConfigurations = (
				B5362EF22C3AD7DA0091A7A6 /* Debug */,
				B5362EF32C3AD7DA0091A7A6 /* Release */,
			);
			defaultConfigurationIsVisible = 0;
			defaultConfigurationName = Release;
		};
		B5B17C5F2B9874F80075CBAD /* Build configuration list for PBXProject "Voca" */ = {
			isa = XCConfigurationList;
			buildConfigurations = (
				B5B17C702B9874FB0075CBAD /* Debug */,
				B5B17C712B9874FB0075CBAD /* Release */,
			);
			defaultConfigurationIsVisible = 0;
			defaultConfigurationName = Release;
		};
		B5B17C722B9874FB0075CBAD /* Build configuration list for PBXNativeTarget "Voca" */ = {
			isa = XCConfigurationList;
			buildConfigurations = (
				B5B17C732B9874FB0075CBAD /* Debug */,
				B5B17C742B9874FB0075CBAD /* Release */,
			);
			defaultConfigurationIsVisible = 0;
			defaultConfigurationName = Release;
		};
/* End XCConfigurationList section */

/* Begin XCRemoteSwiftPackageReference section */
		B5362F0A2C4807AE0091A7A6 /* XCRemoteSwiftPackageReference "firebase-ios-sdk" */ = {
			isa = XCRemoteSwiftPackageReference;
			repositoryURL = "https://github.com/firebase/firebase-ios-sdk.git";
			requirement = {
				kind = upToNextMajorVersion;
				minimumVersion = 10.29.0;
			};
		};
/* End XCRemoteSwiftPackageReference section */

/* Begin XCSwiftPackageProductDependency section */
		B5362F0B2C4807AE0091A7A6 /* FirebaseAnalytics */ = {
			isa = XCSwiftPackageProductDependency;
			package = B5362F0A2C4807AE0091A7A6 /* XCRemoteSwiftPackageReference "firebase-ios-sdk" */;
			productName = FirebaseAnalytics;
		};
		B5362F0D2C4807AE0091A7A6 /* FirebaseAnalyticsOnDeviceConversion */ = {
			isa = XCSwiftPackageProductDependency;
			package = B5362F0A2C4807AE0091A7A6 /* XCRemoteSwiftPackageReference "firebase-ios-sdk" */;
			productName = FirebaseAnalyticsOnDeviceConversion;
		};
		B5362F0F2C4807AE0091A7A6 /* FirebaseAnalyticsSwift */ = {
			isa = XCSwiftPackageProductDependency;
			package = B5362F0A2C4807AE0091A7A6 /* XCRemoteSwiftPackageReference "firebase-ios-sdk" */;
			productName = FirebaseAnalyticsSwift;
		};
		B5362F112C4807AE0091A7A6 /* FirebaseAnalyticsWithoutAdIdSupport */ = {
			isa = XCSwiftPackageProductDependency;
			package = B5362F0A2C4807AE0091A7A6 /* XCRemoteSwiftPackageReference "firebase-ios-sdk" */;
			productName = FirebaseAnalyticsWithoutAdIdSupport;
		};
		B5362F132C4807AE0091A7A6 /* FirebaseAppCheck */ = {
			isa = XCSwiftPackageProductDependency;
			package = B5362F0A2C4807AE0091A7A6 /* XCRemoteSwiftPackageReference "firebase-ios-sdk" */;
			productName = FirebaseAppCheck;
		};
		B5362F162C4808600091A7A6 /* FirebaseStorage */ = {
			isa = XCSwiftPackageProductDependency;
			package = B5362F0A2C4807AE0091A7A6 /* XCRemoteSwiftPackageReference "firebase-ios-sdk" */;
			productName = FirebaseStorage;
		};
/* End XCSwiftPackageProductDependency section */

/* Begin XCVersionGroup section */
		B5362EF72C3D35450091A7A6 /* FavoritesContainers.xcdatamodeld */ = {
			isa = XCVersionGroup;
			children = (
				B5362EF82C3D35450091A7A6 /* FavoritesContainers.xcdatamodel */,
			);
			currentVersion = B5362EF82C3D35450091A7A6 /* FavoritesContainers.xcdatamodel */;
			name = FavoritesContainers.xcdatamodeld;
			path = "/Users/yonthiriaung/Desktop/Swift UI Projects/Voca/Voca/CoreData/FavoritesContainers.xcdatamodeld";
			sourceTree = "<group>";
			versionGroupType = wrapper.xcdatamodel;
		};
/* End XCVersionGroup section */
	};
	rootObject = B5B17C5C2B9874F80075CBAD /* Project object */;
}
